
Microsoft Visual Studio Solution File, Format Version 12.00
# Visual Studio Version 17
VisualStudioVersion = 17.4.33103.184
MinimumVisualStudioVersion = 10.0.40219.1
Project("{FAE04EC0-301F-11D3-BF4B-00C04F79EFBC}") = "BetterDrops-CursedMod", "BetterDrops-CursedMod\BetterDrops-CursedMod.csproj", "{C487D4E1-848D-4540-87BE-63805EA64593}"
EndProject
Global
	GlobalSection(SolutionConfigurationPlatforms) = preSolution
		Debug|Any CPU = Debug|Any CPU
		Release|Any CPU = Release|Any CPU
	EndGlobalSection
	GlobalSection(ProjectConfigurationPlatforms) = postSolution
		{C487D4E1-848D-4540-87BE-63805EA64593}.Debug|Any CPU.ActiveCfg = Debug|Any CPU
		{C487D4E1-848D-4540-87BE-63805EA64593}.Debug|Any CPU.Build.0 = Debug|Any CPU
		{C487D4E1-848D-4540-87BE-63805EA64593}.Release|Any CPU.ActiveCfg = Release|Any CPU
		{C487D4E1-848D-4540-87BE-63805EA64593}.Release|Any CPU.Build.0 = Release|Any CPU
	EndGlobalSection
	GlobalSection(SolutionProperties) = preSolution
		HideSolutionNode = FALSE
	EndGlobalSection
	GlobalSection(ExtensibilityGlobals) = postSolution
		SolutionGuid = {89811D18-94F1-40DC-BBF3-1ED11C064D6B}
	EndGlobalSection
EndGlobal
